
Microsoft Visual Studio Solution File, Format Version 12.00
# Visual Studio Version 16
VisualStudioVersion = 16.0.33130.400
MinimumVisualStudioVersion = 10.0.40219.1
Project("{9A19103F-16F7-4668-BE54-9A1E7A4F7556}") = "PortalApplicationFramework", "selenium_automation_framework\PortalApplicationFramework.csproj", "{315BB93B-AF75-40FD-9A99-EE6247548A16}"
EndProject
Global
	GlobalSection(SolutionConfigurationPlatforms) = preSolution
		Debug|Any CPU = Debug|Any CPU
		Release|Any CPU = Release|Any CPU
	EndGlobalSection
	GlobalSection(ProjectConfigurationPlatforms) = postSolution
		{315BB93B-AF75-40FD-9A99-EE6247548A16}.Debug|Any CPU.ActiveCfg = Debug|Any CPU
		{315BB93B-AF75-40FD-9A99-EE6247548A16}.Debug|Any CPU.Build.0 = Debug|Any CPU
		{315BB93B-AF75-40FD-9A99-EE6247548A16}.Release|Any CPU.ActiveCfg = Release|Any CPU
		{315BB93B-AF75-40FD-9A99-EE6247548A16}.Release|Any CPU.Build.0 = Release|Any CPU
	EndGlobalSection
	GlobalSection(SolutionProperties) = preSolution
		HideSolutionNode = FALSE
	EndGlobalSection
	GlobalSection(ExtensibilityGlobals) = postSolution
		SolutionGuid = {8B8A9D47-D33C-43B1-AFA4-D43A40BE3057}
	EndGlobalSection
EndGlobal
